{
  "name": "testing-package",
  "version": "1.0.0",
  "lockfileVersion": 3,
  "requires": true,
  "packages": {
    "": {
      "name": "testing-package",
      "version": "1.0.0",
      "license": "ISC",
      "dependencies": {
        "g5-npm-package-priyanshu": "^1.1.1"
      }
    },
    "node_modules/g5-npm-package-priyanshu": {
      "version": "1.1.1",
      "resolved": "https://registry.npmjs.org/g5-npm-package-priyanshu/-/g5-npm-package-priyanshu-1.1.1.tgz",
      "integrity": "sha512-z6PDoaFh4BucXmNR/gz7e01DYA7o2h7uFP70RAYu2o8u9mwoYKVfioIOyEUFs+2c2SbNKoHao2IZ8o1OF760uA=="
    }
  }
}
